
Microsoft Visual Studio Solution File, Format Version 12.00
# Visual Studio Version 17
VisualStudioVersion = 17.4.33205.214
MinimumVisualStudioVersion = 10.0.40219.1
Project("{FAE04EC0-301F-11D3-BF4B-00C04F79EFBC}") = "FunWithGraphs", "FunWithGraphs\FunWithGraphs.csproj", "{CBCD474D-B9AC-4482-8A9B-223499292837}"
EndProject
Global
	GlobalSection(SolutionConfigurationPlatforms) = preSolution
		Debug|Any CPU = Debug|Any CPU
		Release|Any CPU = Release|Any CPU
	EndGlobalSection
	GlobalSection(ProjectConfigurationPlatforms) = postSolution
		{CBCD474D-B9AC-4482-8A9B-223499292837}.Debug|Any CPU.ActiveCfg = Debug|Any CPU
		{CBCD474D-B9AC-4482-8A9B-223499292837}.Debug|Any CPU.Build.0 = Debug|Any CPU
		{CBCD474D-B9AC-4482-8A9B-223499292837}.Release|Any CPU.ActiveCfg = Release|Any CPU
		{CBCD474D-B9AC-4482-8A9B-223499292837}.Release|Any CPU.Build.0 = Release|Any CPU
	EndGlobalSection
	GlobalSection(SolutionProperties) = preSolution
		HideSolutionNode = FALSE
	EndGlobalSection
	GlobalSection(ExtensibilityGlobals) = postSolution
		SolutionGuid = {F8AD5EED-1442-415B-B9FA-0E3748CCED95}
	EndGlobalSection
EndGlobal
